{
  "name": "rainbird",
  "version": "1.0.0",
  "lockfileVersion": 1,
  "requires": true,
  "dependencies": {
    "aes-js": {
      "version": "3.1.2",
      "resolved": "https://registry.npmjs.org/aes-js/-/aes-js-3.1.2.tgz",
      "integrity": "sha512-e5pEa2kBnBOgR4Y/p20pskXI74UEz7de8ZGVo58asOtvSVG5YAbJeELPZxOmt+Bnz3rX753YKhfIn4X4l1PPRQ=="
    },
    "node-fetch": {
      "version": "2.6.0",
      "resolved": "https://registry.npmjs.org/node-fetch/-/node-fetch-2.6.0.tgz",
      "integrity": "sha512-8dG4H5ujfvFiqDmVu9fQ5bOHUC15JMjMY/Zumv26oOvvVJjM67KF8koCWIabKQ1GJIa9r2mMZscBq/TbdOcmNA=="
    },
    "text-encoder": {
      "version": "0.0.4",
      "resolved": "https://registry.npmjs.org/text-encoder/-/text-encoder-0.0.4.tgz",
      "integrity": "sha512-12gllbNnC0Zdh9r+LCpEwpUdvncaE9hfUmCVm2ryCH1LEVUZbS6NdRq8omEgJI0zKgaGFTjwQVHbglGDCIbmNA=="
    }
  }
}
